{
 "name": "pluto",
 "version": "1.1.9",
 "lockfileVersion": 3,
 "requires": true,
 "packages": {
  "": {
   "name": "pluto",
   "version": "1.1.9",
   "license": "MIT",
   "dependencies": {
    "geotiff": "^2.1.0"
   }
  },
  "node_modules/@petamoriken/float16": {
   "version": "3.8.4",
   "resolved": "http://pkgs.istrongcloud.net/npm/registry/@petamoriken/float16/-/float16-3.8.4.tgz",
   "integrity": "sha1-zTwCp/458Qrj3STtM70IIFOq3WY=",
   "license": "MIT"
  },
  "node_modules/geotiff": {
   "version": "2.1.0",
   "resolved": "http://pkgs.istrongcloud.net/npm/registry/geotiff/-/geotiff-2.1.0.tgz",
   "integrity": "sha1-jgb9GqlQ+6iRCsY9xly3e3ZvS1g=",
   "license": "MIT",
   "dependencies": {
    "@petamoriken/float16": "^3.4.7",
    "lerc": "^3.0.0",
    "pako": "^2.0.4",
    "parse-headers": "^2.0.2",
    "quick-lru": "^6.1.1",
    "web-worker": "^1.2.0",
    "xml-utils": "^1.0.2",
    "zstddec": "^0.1.0"
   },
   "engines": {
    "node": ">=10.19"
   }
  },
  "node_modules/lerc": {
   "version": "3.0.0",
   "resolved": "http://pkgs.istrongcloud.net/npm/registry/lerc/-/lerc-3.0.0.tgz",
   "integrity": "sha1-NvNvvUukbwq/SDN5n/8ufWhl9cs=",
   "license": "Apache-2.0"
  },
  "node_modules/pako": {
   "version": "2.1.0",
   "resolved": "http://pkgs.istrongcloud.net/npm/registry/pako/-/pako-2.1.0.tgz",
   "integrity": "sha1-JmzDf5jH2INUXREzXAD71AYsmoY=",
   "license": "(MIT AND Zlib)"
  },
  "node_modules/parse-headers": {
   "version": "2.0.5",
   "resolved": "http://pkgs.istrongcloud.net/npm/registry/parse-headers/-/parse-headers-2.0.5.tgz",
   "integrity": "sha1-BpeT+TVqVACFcet/l2EVPmx3Dak=",
   "license": "MIT"
  },
  "node_modules/quick-lru": {
   "version": "6.1.2",
   "resolved": "http://pkgs.istrongcloud.net/npm/registry/quick-lru/-/quick-lru-6.1.2.tgz",
   "integrity": "sha1-6akFJBCGKb41KH0Lhk561s6zZZ4=",
   "license": "MIT",
   "engines": {
    "node": ">=12"
   },
   "funding": {
    "url": "https://github.com/sponsors/sindresorhus"
   }
  },
  "node_modules/web-worker": {
   "version": "1.2.0",
   "resolved": "http://pkgs.istrongcloud.net/npm/registry/web-worker/-/web-worker-1.2.0.tgz",
   "integrity": "sha1-XYWgSn+8Hn21j2ZZXXo6x8nBgNo=",
   "license": "Apache-2.0"
  },
  "node_modules/xml-utils": {
   "version": "1.7.0",
   "resolved": "http://pkgs.istrongcloud.net/npm/registry/xml-utils/-/xml-utils-1.7.0.tgz",
   "integrity": "sha1-MzzjkdiRj4cqr5jSz5D575uCvQ8=",
   "license": "CC0-1.0"
  },
  "node_modules/zstddec": {
   "version": "0.1.0",
   "resolved": "http://pkgs.istrongcloud.net/npm/registry/zstddec/-/zstddec-0.1.0.tgz",
   "integrity": "sha1-cFDz8ODDl4Vi0MVms+WkJ9K61+w=",
   "license": "MIT AND BSD-3-Clause"
  }
 }
}
